// !$*UTF8*$!
{
	archiveVersion = 1;
	classes = {
	};
	objectVersion = 50;
	objects = {

/* Begin PBXBuildFile section */
		2223EE53280C03E400DC3120 /* AppDelegate.swift in Sources */ = {isa = PBXBuildFile; fileRef = 2223EE52280C03E400DC3120 /* AppDelegate.swift */; };
		2223EE55280C03E400DC3120 /* SceneDelegate.swift in Sources */ = {isa = PBXBuildFile; fileRef = 2223EE54280C03E400DC3120 /* SceneDelegate.swift */; };
		2223EE57280C03E400DC3120 /* ViewController.swift in Sources */ = {isa = PBXBuildFile; fileRef = 2223EE56280C03E400DC3120 /* ViewController.swift */; };
		2223EE5A280C03E400DC3120 /* Main.storyboard in Resources */ = {isa = PBXBuildFile; fileRef = 2223EE58280C03E400DC3120 /* Main.storyboard */; };
		2223EE5C280C03E600DC3120 /* Assets.xcassets in Resources */ = {isa = PBXBuildFile; fileRef = 2223EE5B280C03E600DC3120 /* Assets.xcassets */; };
		2223EE5F280C03E600DC3120 /* LaunchScreen.storyboard in Resources */ = {isa = PBXBuildFile; fileRef = 2223EE5D280C03E600DC3120 /* LaunchScreen.storyboard */; };
		2223EE6A280C063900DC3120 /* mahmure.jpg in Resources */ = {isa = PBXBuildFile; fileRef = 2223EE66280C063800DC3120 /* mahmure.jpg */; };
		2223EE6B280C063900DC3120 /* cinseddi.jpg in Resources */ = {isa = PBXBuildFile; fileRef = 2223EE67280C063800DC3120 /* cinseddi.jpg */; };
		2223EE6C280C063900DC3120 /* tachmahal.jpg in Resources */ = {isa = PBXBuildFile; fileRef = 2223EE68280C063900DC3120 /* tachmahal.jpg */; };
		2223EE6D280C063900DC3120 /* Eyfel.jpg in Resources */ = {isa = PBXBuildFile; fileRef = 2223EE69280C063900DC3120 /* Eyfel.jpg */; };
		2223EE6F280C0ACC00DC3120 /* imageViewController.swift in Sources */ = {isa = PBXBuildFile; fileRef = 2223EE6E280C0ACC00DC3120 /* imageViewController.swift */; };
/* End PBXBuildFile section */

/* Begin PBXFileReference section */
		2223EE4F280C03E400DC3120 /* LandMarkBook.app */ = {isa = PBXFileReference; explicitFileType = wrapper.application; includeInIndex = 0; path = LandMarkBook.app; sourceTree = BUILT_PRODUCTS_DIR; };
		2223EE52280C03E400DC3120 /* AppDelegate.swift */ = {isa = PBXFileReference; lastKnownFileType = sourcecode.swift; path = AppDelegate.swift; sourceTree = "<group>"; };
		2223EE54280C03E400DC3120 /* SceneDelegate.swift */ = {isa = PBXFileReference; lastKnownFileType = sourcecode.swift; path = SceneDelegate.swift; sourceTree = "<group>"; };
		2223EE56280C03E400DC3120 /* ViewController.swift */ = {isa = PBXFileReference; lastKnownFileType = sourcecode.swift; path = ViewController.swift; sourceTree = "<group>"; };
		2223EE59280C03E400DC3120 /* Base */ = {isa = PBXFileReference; lastKnownFileType = file.storyboard; name = Base; path = Base.lproj/Main.storyboard; sourceTree = "<group>"; };
		2223EE5B280C03E600DC3120 /* Assets.xcassets */ = {isa = PBXFileReference; lastKnownFileType = folder.assetcatalog; path = Assets.xcassets; sourceTree = "<group>"; };
		2223EE5E280C03E600DC3120 /* Base */ = {isa = PBXFileReference; lastKnownFileType = file.storyboard; name = Base; path = Base.lproj/LaunchScreen.storyboard; sourceTree = "<group>"; };
		2223EE60280C03E600DC3120 /* Info.plist */ = {isa = PBXFileReference; lastKnownFileType = text.plist.xml; path = Info.plist; sourceTree = "<group>"; };
		2223EE66280C063800DC3120 /* mahmure.jpg */ = {isa = PBXFileReference; lastKnownFileType = image.jpeg; path = mahmure.jpg; sourceTree = "<group>"; };
		2223EE67280C063800DC3120 /* cinseddi.jpg */ = {isa = PBXFileReference; lastKnownFileType = image.jpeg; path = cinseddi.jpg; sourceTree = "<group>"; };
		2223EE68280C063900DC3120 /* tachmahal.jpg */ = {isa = PBXFileReference; lastKnownFileType = image.jpeg; path = tachmahal.jpg; sourceTree = "<group>"; };
		2223EE69280C063900DC3120 /* Eyfel.jpg */ = {isa = PBXFileReference; lastKnownFileType = image.jpeg; path = Eyfel.jpg; sourceTree = "<group>"; };
		2223EE6E280C0ACC00DC3120 /* imageViewController.swift */ = {isa = PBXFileReference; lastKnownFileType = sourcecode.swift; path = imageViewController.swift; sourceTree = "<group>"; };
/* End PBXFileReference section */

/* Begin PBXFrameworksBuildPhase section */
		2223EE4C280C03E400DC3120 /* Frameworks */ = {
			isa = PBXFrameworksBuildPhase;
			buildActionMask = 2147483647;
			files = (
			);
			runOnlyForDeploymentPostprocessing = 0;
		};
/* End PBXFrameworksBuildPhase section */

/* Begin PBXGroup section */
		2223EE46280C03E400DC3120 = {
			isa = PBXGroup;
			children = (
				2223EE51280C03E400DC3120 /* LandMarkBook */,
				2223EE50280C03E400DC3120 /* Products */,
			);
			sourceTree = "<group>";
		};
		2223EE50280C03E400DC3120 /* Products */ = {
			isa = PBXGroup;
			children = (
				2223EE4F280C03E400DC3120 /* LandMarkBook.app */,
			);
			name = Products;
			sourceTree = "<group>";
		};
		2223EE51280C03E400DC3120 /* LandMarkBook */ = {
			isa = PBXGroup;
			children = (
				2223EE67280C063800DC3120 /* cinseddi.jpg */,
				2223EE69280C063900DC3120 /* Eyfel.jpg */,
				2223EE66280C063800DC3120 /* mahmure.jpg */,
				2223EE68280C063900DC3120 /* tachmahal.jpg */,
				2223EE52280C03E400DC3120 /* AppDelegate.swift */,
				2223EE54280C03E400DC3120 /* SceneDelegate.swift */,
				2223EE56280C03E400DC3120 /* ViewController.swift */,
				2223EE58280C03E400DC3120 /* Main.storyboard */,
				2223EE5B280C03E600DC3120 /* Assets.xcassets */,
				2223EE5D280C03E600DC3120 /* LaunchScreen.storyboard */,
				2223EE60280C03E600DC3120 /* Info.plist */,
				2223EE6E280C0ACC00DC3120 /* imageViewController.swift */,
			);
			path = LandMarkBook;
			sourceTree = "<group>";
		};
/* End PBXGroup section */

/* Begin PBXNativeTarget section */
		2223EE4E280C03E400DC3120 /* LandMarkBook */ = {
			isa = PBXNativeTarget;
			buildConfigurationList = 2223EE63280C03E600DC3120 /* Build configuration list for PBXNativeTarget "LandMarkBook" */;
			buildPhases = (
				2223EE4B280C03E400DC3120 /* Sources */,
				2223EE4C280C03E400DC3120 /* Frameworks */,
				2223EE4D280C03E400DC3120 /* Resources */,
			);
			buildRules = (
			);
			dependencies = (
			);
			name = LandMarkBook;
			productName = LandMarkBook;
			productReference = 2223EE4F280C03E400DC3120 /* LandMarkBook.app */;
			productType = "com.apple.product-type.application";
		};
/* End PBXNativeTarget section */

/* Begin PBXProject section */
		2223EE47280C03E400DC3120 /* Project object */ = {
			isa = PBXProject;
			attributes = {
				LastSwiftUpdateCheck = 1250;
				LastUpgradeCheck = 1250;
				TargetAttributes = {
					2223EE4E280C03E400DC3120 = {
						CreatedOnToolsVersion = 12.5;
					};
				};
			};
			buildConfigurationList = 2223EE4A280C03E400DC3120 /* Build configuration list for PBXProject "LandMarkBook" */;
			compatibilityVersion = "Xcode 9.3";
			developmentRegion = en;
			hasScannedForEncodings = 0;
			knownRegions = (
				en,
				Base,
			);
			mainGroup = 2223EE46280C03E400DC3120;
			productRefGroup = 2223EE50280C03E400DC3120 /* Products */;
			projectDirPath = "";
			projectRoot = "";
			targets = (
				2223EE4E280C03E400DC3120 /* LandMarkBook */,
			);
		};
/* End PBXProject section */

/* Begin PBXResourcesBuildPhase section */
		2223EE4D280C03E400DC3120 /* Resources */ = {
			isa = PBXResourcesBuildPhase;
			buildActionMask = 2147483647;
			files = (
				2223EE5F280C03E600DC3120 /* LaunchScreen.storyboard in Resources */,
				2223EE6C280C063900DC3120 /* tachmahal.jpg in Resources */,
				2223EE6B280C063900DC3120 /* cinseddi.jpg in Resources */,
				2223EE6A280C063900DC3120 /* mahmure.jpg in Resources */,
				2223EE5C280C03E600DC3120 /* Assets.xcassets in Resources */,
				2223EE5A280C03E400DC3120 /* Main.storyboard in Resources */,
				2223EE6D280C063900DC3120 /* Eyfel.jpg in Resources */,
			);
			runOnlyForDeploymentPostprocessing = 0;
		};
/* End PBXResourcesBuildPhase section */

/* Begin PBXSourcesBuildPhase section */
		2223EE4B280C03E400DC3120 /* Sources */ = {
			isa = PBXSourcesBuildPhase;
			buildActionMask = 2147483647;
			files = (
				2223EE57280C03E400DC3120 /* ViewController.swift in Sources */,
				2223EE53280C03E400DC3120 /* AppDelegate.swift in Sources */,
				2223EE6F280C0ACC00DC3120 /* imageViewController.swift in Sources */,
				2223EE55280C03E400DC3120 /* SceneDelegate.swift in Sources */,
			);
			runOnlyForDeploymentPostprocessing = 0;
		};
/* End PBXSourcesBuildPhase section */

/* Begin PBXVariantGroup section */
		2223EE58280C03E400DC3120 /* Main.storyboard */ = {
			isa = PBXVariantGroup;
			children = (
				2223EE59280C03E400DC3120 /* Base */,
			);
			name = Main.storyboard;
			sourceTree = "<group>";
		};
		2223EE5D280C03E600DC3120 /* LaunchScreen.storyboard */ = {
			isa = PBXVariantGroup;
			children = (
				2223EE5E280C03E600DC3120 /* Base */,
			);
			name = LaunchScreen.storyboard;
			sourceTree = "<group>";
		};
/* End PBXVariantGroup section */

/* Begin XCBuildConfiguration section */
		2223EE61280C03E600DC3120 /* Debug */ = {
			isa = XCBuildConfiguration;
			buildSettings = {
				ALWAYS_SEARCH_USER_PATHS = NO;
				CLANG_ANALYZER_NONNULL = YES;
				CLANG_ANALYZER_NUMBER_OBJECT_CONVERSION = YES_AGGRESSIVE;
				CLANG_CXX_LANGUAGE_STANDARD = "gnu++14";
				CLANG_CXX_LIBRARY = "libc++";
				CLANG_ENABLE_MODULES = YES;
				CLANG_ENABLE_OBJC_ARC = YES;
				CLANG_ENABLE_OBJC_WEAK = YES;
				CLANG_WARN_BLOCK_CAPTURE_AUTORELEASING = YES;
				CLANG_WARN_BOOL_CONVERSION = YES;
				CLANG_WARN_COMMA = YES;
				CLANG_WARN_CONSTANT_CONVERSION = YES;
				CLANG_WARN_DEPRECATED_OBJC_IMPLEMENTATIONS = YES;
				CLANG_WARN_DIRECT_OBJC_ISA_USAGE = YES_ERROR;
				CLANG_WARN_DOCUMENTATION_COMMENTS = YES;
				CLANG_WARN_EMPTY_BODY = YES;
				CLANG_WARN_ENUM_CONVERSION = YES;
				CLANG_WARN_INFINITE_RECURSION = YES;
				CLANG_WARN_INT_CONVERSION = YES;
				CLANG_WARN_NON_LITERAL_NULL_CONVERSION = YES;
				CLANG_WARN_OBJC_IMPLICIT_RETAIN_SELF = YES;
				CLANG_WARN_OBJC_LITERAL_CONVERSION = YES;
				CLANG_WARN_OBJC_ROOT_CLASS = YES_ERROR;
				CLANG_WARN_QUOTED_INCLUDE_IN_FRAMEWORK_HEADER = YES;
				CLANG_WARN_RANGE_LOOP_ANALYSIS = YES;
				CLANG_WARN_STRICT_PROTOTYPES = YES;
				CLANG_WARN_SUSPICIOUS_MOVE = YES;
				CLANG_WARN_UNGUARDED_AVAILABILITY = YES_AGGRESSIVE;
				CLANG_WARN_UNREACHABLE_CODE = YES;
				CLANG_WARN__DUPLICATE_METHOD_MATCH = YES;
				COPY_PHASE_STRIP = NO;
				DEBUG_INFORMATION_FORMAT = dwarf;
				ENABLE_STRICT_OBJC_MSGSEND = YES;
				ENABLE_TESTABILITY = YES;
				GCC_C_LANGUAGE_STANDARD = gnu11;
				GCC_DYNAMIC_NO_PIC = NO;
				GCC_NO_COMMON_BLOCKS = YES;
				GCC_OPTIMIZATION_LEVEL = 0;
				GCC_PREPROCESSOR_DEFINITIONS = (
					"DEBUG=1",
					"$(inherited)",
				);
				GCC_WARN_64_TO_32_BIT_CONVERSION = YES;
				GCC_WARN_ABOUT_RETURN_TYPE = YES_ERROR;
				GCC_WARN_UNDECLARED_SELECTOR = YES;
				GCC_WARN_UNINITIALIZED_AUTOS = YES_AGGRESSIVE;
				GCC_WARN_UNUSED_FUNCTION = YES;
				GCC_WARN_UNUSED_VARIABLE = YES;
				IPHONEOS_DEPLOYMENT_TARGET = 14.5;
				MTL_ENABLE_DEBUG_INFO = INCLUDE_SOURCE;
				MTL_FAST_MATH = YES;
				ONLY_ACTIVE_ARCH = YES;
				SDKROOT = iphoneos;
				SWIFT_ACTIVE_COMPILATION_CONDITIONS = DEBUG;
				SWIFT_OPTIMIZATION_LEVEL = "-Onone";
			};
			name = Debug;
		};
		2223EE62280C03E600DC3120 /* Release */ = {
			isa = XCBuildConfiguration;
			buildSettings = {
				ALWAYS_SEARCH_USER_PATHS = NO;
				CLANG_ANALYZER_NONNULL = YES;
				CLANG_ANALYZER_NUMBER_OBJECT_CONVERSION = YES_AGGRESSIVE;
				CLANG_CXX_LANGUAGE_STANDARD = "gnu++14";
				CLANG_CXX_LIBRARY = "libc++";
				CLANG_ENABLE_MODULES = YES;
				CLANG_ENABLE_OBJC_ARC = YES;
				CLANG_ENABLE_OBJC_WEAK = YES;
				CLANG_WARN_BLOCK_CAPTURE_AUTORELEASING = YES;
				CLANG_WARN_BOOL_CONVERSION = YES;
				CLANG_WARN_COMMA = YES;
				CLANG_WARN_CONSTANT_CONVERSION = YES;
				CLANG_WARN_DEPRECATED_OBJC_IMPLEMENTATIONS = YES;
				CLANG_WARN_DIRECT_OBJC_ISA_USAGE = YES_ERROR;
				CLANG_WARN_DOCUMENTATION_COMMENTS = YES;
				CLANG_WARN_EMPTY_BODY = YES;
				CLANG_WARN_ENUM_CONVERSION = YES;
				CLANG_WARN_INFINITE_RECURSION = YES;
				CLANG_WARN_INT_CONVERSION = YES;
				CLANG_WARN_NON_LITERAL_NULL_CONVERSION = YES;
				CLANG_WARN_OBJC_IMPLICIT_RETAIN_SELF = YES;
				CLANG_WARN_OBJC_LITERAL_CONVERSION = YES;
				CLANG_WARN_OBJC_ROOT_CLASS = YES_ERROR;
				CLANG_WARN_QUOTED_INCLUDE_IN_FRAMEWORK_HEADER = YES;
				CLANG_WARN_RANGE_LOOP_ANALYSIS = YES;
				CLANG_WARN_STRICT_PROTOTYPES = YES;
				CLANG_WARN_SUSPICIOUS_MOVE = YES;
				CLANG_WARN_UNGUARDED_AVAILABILITY = YES_AGGRESSIVE;
				CLANG_WARN_UNREACHABLE_CODE = YES;
				CLANG_WARN__DUPLICATE_METHOD_MATCH = YES;
				COPY_PHASE_STRIP = NO;
				DEBUG_INFORMATION_FORMAT = "dwarf-with-dsym";
				ENABLE_NS_ASSERTIONS = NO;
				ENABLE_STRICT_OBJC_MSGSEND = YES;
				GCC_C_LANGUAGE_STANDARD = gnu11;
				GCC_NO_COMMON_BLOCKS = YES;
				GCC_WARN_64_TO_32_BIT_CONVERSION = YES;
				GCC_WARN_ABOUT_RETURN_TYPE = YES_ERROR;
				GCC_WARN_UNDECLARED_SELECTOR = YES;
				GCC_WARN_UNINITIALIZED_AUTOS = YES_AGGRESSIVE;
				GCC_WARN_UNUSED_FUNCTION = YES;
				GCC_WARN_UNUSED_VARIABLE = YES;
				IPHONEOS_DEPLOYMENT_TARGET = 14.5;
				MTL_ENABLE_DEBUG_INFO = NO;
				MTL_FAST_MATH = YES;
				SDKROOT = iphoneos;
				SWIFT_COMPILATION_MODE = wholemodule;
				SWIFT_OPTIMIZATION_LEVEL = "-O";
				VALIDATE_PRODUCT = YES;
			};
			name = Release;
		};
		2223EE64280C03E600DC3120 /* Debug */ = {
			isa = XCBuildConfiguration;
			buildSettings = {
				ASSETCATALOG_COMPILER_APPICON_NAME = AppIcon;
				ASSETCATALOG_COMPILER_GLOBAL_ACCENT_COLOR_NAME = AccentColor;
				CODE_SIGN_STYLE = Automatic;
				DEVELOPMENT_TEAM = 5V98SY3ZDM;
				INFOPLIST_FILE = LandMarkBook/Info.plist;
				LD_RUNPATH_SEARCH_PATHS = (
					"$(inherited)",
					"@executable_path/Frameworks",
				);
				PRODUCT_BUNDLE_IDENTIFIER = samet.LandMarkBook;
				PRODUCT_NAME = "$(TARGET_NAME)";
				SWIFT_VERSION = 5.0;
				TARGETED_DEVICE_FAMILY = "1,2";
			};
			name = Debug;
		};
		2223EE65280C03E600DC3120 /* Release */ = {
			isa = XCBuildConfiguration;
			buildSettings = {
				ASSETCATALOG_COMPILER_APPICON_NAME = AppIcon;
				ASSETCATALOG_COMPILER_GLOBAL_ACCENT_COLOR_NAME = AccentColor;
				CODE_SIGN_STYLE = Automatic;
				DEVELOPMENT_TEAM = 5V98SY3ZDM;
				INFOPLIST_FILE = LandMarkBook/Info.plist;
				LD_RUNPATH_SEARCH_PATHS = (
					"$(inherited)",
					"@executable_path/Frameworks",
				);
				PRODUCT_BUNDLE_IDENTIFIER = samet.LandMarkBook;
				PRODUCT_NAME = "$(TARGET_NAME)";
				SWIFT_VERSION = 5.0;
				TARGETED_DEVICE_FAMILY = "1,2";
			};
			name = Release;
		};
/* End XCBuildConfiguration section */

/* Begin XCConfigurationList section */
		2223EE4A280C03E400DC3120 /* Build configuration list for PBXProject "LandMarkBook" */ = {
			isa = XCConfigurationList;
			buildConfigurations = (
				2223EE61280C03E600DC3120 /* Debug */,
				2223EE62280C03E600DC3120 /* Release */,
			);
			defaultConfigurationIsVisible = 0;
			defaultConfigurationName = Release;
		};
		2223EE63280C03E600DC3120 /* Build configuration list for PBXNativeTarget "LandMarkBook" */ = {
			isa = XCConfigurationList;
			buildConfigurations = (
				2223EE64280C03E600DC3120 /* Debug */,
				2223EE65280C03E600DC3120 /* Release */,
			);
			defaultConfigurationIsVisible = 0;
			defaultConfigurationName = Release;
		};
/* End XCConfigurationList section */
	};
	rootObject = 2223EE47280C03E400DC3120 /* Project object */;
}
